<Solution>
  <Folder Name="/src/">
    <Project Path="src/StreamMedia.Application/StreamMedia.Application.csproj" />
    <Project Path="src/StreamMedia.Domain/StreamMedia.Domain.csproj" />
    <Project Path="src/StreamMedia.Infrastructure/StreamMedia.Infrastructure.csproj" />
    <Project Path="src/StreamMedia.WebApi/StreamMedia.WebApi.csproj" />
  </Folder>
  <Folder Name="/tests/">
    <Project Path="tests/StreamMedia.Application.Tests/StreamMedia.Application.Tests.csproj" />
    <Project Path="tests/StreamMedia.Domain.Tests/StreamMedia.Domain.Tests.csproj" />
    <Project Path="tests/StreamMedia.Infrastructure.Tests/StreamMedia.Infrastructure.Tests.csproj" />
    <Project Path="tests/StreamMedia.Tests/StreamMedia.Tests.csproj" />
    <Project Path="tests/StreamMedia.WebApi.Tests/StreamMedia.WebApi.Tests.csproj" />
  </Folder>
</Solution>
